{
  "name": "auth-me",
  "version": "1.0.0",
  "lockfileVersion": 3,
  "requires": true,
  "packages": {
    "": {
      "name": "auth-me",
      "version": "1.0.0",
      "dependencies": {
        "uni-id": "file:../../../uni_modules/uni-id/uniCloud/cloudfunctions/common/uni-id"
      }
    },
    "../../../uni_modules/uni-id/uniCloud/cloudfunctions/common/uni-id": {},
    "node_modules/uni-id": {
      "resolved": "../../../uni_modules/uni-id/uniCloud/cloudfunctions/common/uni-id",
      "link": true
    }
  }
}
